
Microsoft Visual Studio Solution File, Format Version 12.00
# Visual Studio Version 16
VisualStudioVersion = 16.0.31205.134
MinimumVisualStudioVersion = 10.0.40219.1
Project("{FAE04EC0-301F-11D3-BF4B-00C04F79EFBC}") = "Exemplo003_Composicao_StringBuilder", "Exemplo003_Composicao_StringBuilder\Exemplo003_Composicao_StringBuilder.csproj", "{663C3AFB-6160-468F-A134-E4B08DC74A59}"
EndProject
Global
	GlobalSection(SolutionConfigurationPlatforms) = preSolution
		Debug|Any CPU = Debug|Any CPU
		Release|Any CPU = Release|Any CPU
	EndGlobalSection
	GlobalSection(ProjectConfigurationPlatforms) = postSolution
		{663C3AFB-6160-468F-A134-E4B08DC74A59}.Debug|Any CPU.ActiveCfg = Debug|Any CPU
		{663C3AFB-6160-468F-A134-E4B08DC74A59}.Debug|Any CPU.Build.0 = Debug|Any CPU
		{663C3AFB-6160-468F-A134-E4B08DC74A59}.Release|Any CPU.ActiveCfg = Release|Any CPU
		{663C3AFB-6160-468F-A134-E4B08DC74A59}.Release|Any CPU.Build.0 = Release|Any CPU
	EndGlobalSection
	GlobalSection(SolutionProperties) = preSolution
		HideSolutionNode = FALSE
	EndGlobalSection
	GlobalSection(ExtensibilityGlobals) = postSolution
		SolutionGuid = {B7407EF1-D8B7-46C0-9825-6223EFB62D03}
	EndGlobalSection
EndGlobal
