
Microsoft Visual Studio Solution File, Format Version 12.00
# Visual Studio Version 16
VisualStudioVersion = 16.0.31205.134
MinimumVisualStudioVersion = 10.0.40219.1
Project("{FAE04EC0-301F-11D3-BF4B-00C04F79EFBC}") = "Exemplo001_Enum", "Exemplo001_Enum\Exemplo001_Enum.csproj", "{C40A34CD-9802-4178-99BD-399884A81056}"
EndProject
Global
	GlobalSection(SolutionConfigurationPlatforms) = preSolution
		Debug|Any CPU = Debug|Any CPU
		Release|Any CPU = Release|Any CPU
	EndGlobalSection
	GlobalSection(ProjectConfigurationPlatforms) = postSolution
		{C40A34CD-9802-4178-99BD-399884A81056}.Debug|Any CPU.ActiveCfg = Debug|Any CPU
		{C40A34CD-9802-4178-99BD-399884A81056}.Debug|Any CPU.Build.0 = Debug|Any CPU
		{C40A34CD-9802-4178-99BD-399884A81056}.Release|Any CPU.ActiveCfg = Release|Any CPU
		{C40A34CD-9802-4178-99BD-399884A81056}.Release|Any CPU.Build.0 = Release|Any CPU
	EndGlobalSection
	GlobalSection(SolutionProperties) = preSolution
		HideSolutionNode = FALSE
	EndGlobalSection
	GlobalSection(ExtensibilityGlobals) = postSolution
		SolutionGuid = {2669A3CA-BCEC-45D8-955E-50855E4DE82C}
	EndGlobalSection
EndGlobal
