
Microsoft Visual Studio Solution File, Format Version 12.00
# Visual Studio Version 16
VisualStudioVersion = 16.0.31205.134
MinimumVisualStudioVersion = 10.0.40219.1
Project("{FAE04EC0-301F-11D3-BF4B-00C04F79EFBC}") = "Exemplo_DateTime", "Exemplo_DateTime\Exemplo_DateTime.csproj", "{1DD79F36-FBE1-43C6-A043-07915617D314}"
EndProject
Global
	GlobalSection(SolutionConfigurationPlatforms) = preSolution
		Debug|Any CPU = Debug|Any CPU
		Release|Any CPU = Release|Any CPU
	EndGlobalSection
	GlobalSection(ProjectConfigurationPlatforms) = postSolution
		{1DD79F36-FBE1-43C6-A043-07915617D314}.Debug|Any CPU.ActiveCfg = Debug|Any CPU
		{1DD79F36-FBE1-43C6-A043-07915617D314}.Debug|Any CPU.Build.0 = Debug|Any CPU
		{1DD79F36-FBE1-43C6-A043-07915617D314}.Release|Any CPU.ActiveCfg = Release|Any CPU
		{1DD79F36-FBE1-43C6-A043-07915617D314}.Release|Any CPU.Build.0 = Release|Any CPU
	EndGlobalSection
	GlobalSection(SolutionProperties) = preSolution
		HideSolutionNode = FALSE
	EndGlobalSection
	GlobalSection(ExtensibilityGlobals) = postSolution
		SolutionGuid = {4192C471-2F61-4D2F-82C6-513E5EC8485D}
	EndGlobalSection
EndGlobal
