
Microsoft Visual Studio Solution File, Format Version 12.00
# Visual Studio Version 16
VisualStudioVersion = 16.0.31205.134
MinimumVisualStudioVersion = 10.0.40219.1
Project("{FAE04EC0-301F-11D3-BF4B-00C04F79EFBC}") = "Exemplo003_ExercicioDeFixacao", "Exemplo003_ExercicioDeFixacao\Exemplo003_ExercicioDeFixacao.csproj", "{3E19F51C-06B5-4329-8FE2-407551C23855}"
EndProject
Global
	GlobalSection(SolutionConfigurationPlatforms) = preSolution
		Debug|Any CPU = Debug|Any CPU
		Release|Any CPU = Release|Any CPU
	EndGlobalSection
	GlobalSection(ProjectConfigurationPlatforms) = postSolution
		{3E19F51C-06B5-4329-8FE2-407551C23855}.Debug|Any CPU.ActiveCfg = Debug|Any CPU
		{3E19F51C-06B5-4329-8FE2-407551C23855}.Debug|Any CPU.Build.0 = Debug|Any CPU
		{3E19F51C-06B5-4329-8FE2-407551C23855}.Release|Any CPU.ActiveCfg = Release|Any CPU
		{3E19F51C-06B5-4329-8FE2-407551C23855}.Release|Any CPU.Build.0 = Release|Any CPU
	EndGlobalSection
	GlobalSection(SolutionProperties) = preSolution
		HideSolutionNode = FALSE
	EndGlobalSection
	GlobalSection(ExtensibilityGlobals) = postSolution
		SolutionGuid = {E3A59F9B-9846-44AC-9588-BEDB9DB349E1}
	EndGlobalSection
EndGlobal
