
Microsoft Visual Studio Solution File, Format Version 12.00
# Visual Studio Version 16
VisualStudioVersion = 16.0.31205.134
MinimumVisualStudioVersion = 10.0.40219.1
Project("{FAE04EC0-301F-11D3-BF4B-00C04F79EFBC}") = "Static002", "Static002\Static002.csproj", "{E9B2E4EC-8B03-4B63-B9EE-58E17FCEE812}"
EndProject
Global
	GlobalSection(SolutionConfigurationPlatforms) = preSolution
		Debug|Any CPU = Debug|Any CPU
		Release|Any CPU = Release|Any CPU
	EndGlobalSection
	GlobalSection(ProjectConfigurationPlatforms) = postSolution
		{E9B2E4EC-8B03-4B63-B9EE-58E17FCEE812}.Debug|Any CPU.ActiveCfg = Debug|Any CPU
		{E9B2E4EC-8B03-4B63-B9EE-58E17FCEE812}.Debug|Any CPU.Build.0 = Debug|Any CPU
		{E9B2E4EC-8B03-4B63-B9EE-58E17FCEE812}.Release|Any CPU.ActiveCfg = Release|Any CPU
		{E9B2E4EC-8B03-4B63-B9EE-58E17FCEE812}.Release|Any CPU.Build.0 = Release|Any CPU
	EndGlobalSection
	GlobalSection(SolutionProperties) = preSolution
		HideSolutionNode = FALSE
	EndGlobalSection
	GlobalSection(ExtensibilityGlobals) = postSolution
		SolutionGuid = {263BFDE5-118D-45C0-8105-41716E0DE225}
	EndGlobalSection
EndGlobal
