
Microsoft Visual Studio Solution File, Format Version 12.00
# Visual Studio Version 16
VisualStudioVersion = 16.0.31205.134
MinimumVisualStudioVersion = 10.0.40219.1
Project("{FAE04EC0-301F-11D3-BF4B-00C04F79EFBC}") = "Vetores_ex002", "Vetores_ex002\Vetores_ex002.csproj", "{26AAA4F1-8636-4DDE-AD1F-A7AB9168E7AD}"
EndProject
Global
	GlobalSection(SolutionConfigurationPlatforms) = preSolution
		Debug|Any CPU = Debug|Any CPU
		Release|Any CPU = Release|Any CPU
	EndGlobalSection
	GlobalSection(ProjectConfigurationPlatforms) = postSolution
		{26AAA4F1-8636-4DDE-AD1F-A7AB9168E7AD}.Debug|Any CPU.ActiveCfg = Debug|Any CPU
		{26AAA4F1-8636-4DDE-AD1F-A7AB9168E7AD}.Debug|Any CPU.Build.0 = Debug|Any CPU
		{26AAA4F1-8636-4DDE-AD1F-A7AB9168E7AD}.Release|Any CPU.ActiveCfg = Release|Any CPU
		{26AAA4F1-8636-4DDE-AD1F-A7AB9168E7AD}.Release|Any CPU.Build.0 = Release|Any CPU
	EndGlobalSection
	GlobalSection(SolutionProperties) = preSolution
		HideSolutionNode = FALSE
	EndGlobalSection
	GlobalSection(ExtensibilityGlobals) = postSolution
		SolutionGuid = {EF18B63F-C44E-4700-911C-E8AAA26ED3D6}
	EndGlobalSection
EndGlobal
