
Microsoft Visual Studio Solution File, Format Version 12.00
# Visual Studio Version 16
VisualStudioVersion = 16.0.31205.134
MinimumVisualStudioVersion = 10.0.40219.1
Project("{FAE04EC0-301F-11D3-BF4B-00C04F79EFBC}") = "Exemplo002_Pratico", "Exemplo002_Pratico\Exemplo002_Pratico.csproj", "{DD675C8D-A973-47F8-A312-5D30DA3E1D08}"
EndProject
Global
	GlobalSection(SolutionConfigurationPlatforms) = preSolution
		Debug|Any CPU = Debug|Any CPU
		Release|Any CPU = Release|Any CPU
	EndGlobalSection
	GlobalSection(ProjectConfigurationPlatforms) = postSolution
		{DD675C8D-A973-47F8-A312-5D30DA3E1D08}.Debug|Any CPU.ActiveCfg = Debug|Any CPU
		{DD675C8D-A973-47F8-A312-5D30DA3E1D08}.Debug|Any CPU.Build.0 = Debug|Any CPU
		{DD675C8D-A973-47F8-A312-5D30DA3E1D08}.Release|Any CPU.ActiveCfg = Release|Any CPU
		{DD675C8D-A973-47F8-A312-5D30DA3E1D08}.Release|Any CPU.Build.0 = Release|Any CPU
	EndGlobalSection
	GlobalSection(SolutionProperties) = preSolution
		HideSolutionNode = FALSE
	EndGlobalSection
	GlobalSection(ExtensibilityGlobals) = postSolution
		SolutionGuid = {8809AD9F-9533-4096-B775-727D59FA8735}
	EndGlobalSection
EndGlobal
