
Microsoft Visual Studio Solution File, Format Version 12.00
# Visual Studio Version 16
VisualStudioVersion = 16.0.31205.134
MinimumVisualStudioVersion = 10.0.40219.1
Project("{FAE04EC0-301F-11D3-BF4B-00C04F79EFBC}") = "Exemplo_Matriz", "Exemplo_Matriz\Exemplo_Matriz.csproj", "{2401AC8E-0CE9-490C-A7CD-59766B9537DC}"
EndProject
Global
	GlobalSection(SolutionConfigurationPlatforms) = preSolution
		Debug|Any CPU = Debug|Any CPU
		Release|Any CPU = Release|Any CPU
	EndGlobalSection
	GlobalSection(ProjectConfigurationPlatforms) = postSolution
		{2401AC8E-0CE9-490C-A7CD-59766B9537DC}.Debug|Any CPU.ActiveCfg = Debug|Any CPU
		{2401AC8E-0CE9-490C-A7CD-59766B9537DC}.Debug|Any CPU.Build.0 = Debug|Any CPU
		{2401AC8E-0CE9-490C-A7CD-59766B9537DC}.Release|Any CPU.ActiveCfg = Release|Any CPU
		{2401AC8E-0CE9-490C-A7CD-59766B9537DC}.Release|Any CPU.Build.0 = Release|Any CPU
	EndGlobalSection
	GlobalSection(SolutionProperties) = preSolution
		HideSolutionNode = FALSE
	EndGlobalSection
	GlobalSection(ExtensibilityGlobals) = postSolution
		SolutionGuid = {5283F8B5-6843-4C8D-9299-9135B0B0AA65}
	EndGlobalSection
EndGlobal
