
Microsoft Visual Studio Solution File, Format Version 12.00
# Visual Studio Version 16
VisualStudioVersion = 16.0.31205.134
MinimumVisualStudioVersion = 10.0.40219.1
Project("{FAE04EC0-301F-11D3-BF4B-00C04F79EFBC}") = "ex001", "ex001\ex001.csproj", "{19653E41-B876-4A2D-BE56-78FE3CAD57EA}"
EndProject
Global
	GlobalSection(SolutionConfigurationPlatforms) = preSolution
		Debug|Any CPU = Debug|Any CPU
		Release|Any CPU = Release|Any CPU
	EndGlobalSection
	GlobalSection(ProjectConfigurationPlatforms) = postSolution
		{19653E41-B876-4A2D-BE56-78FE3CAD57EA}.Debug|Any CPU.ActiveCfg = Debug|Any CPU
		{19653E41-B876-4A2D-BE56-78FE3CAD57EA}.Debug|Any CPU.Build.0 = Debug|Any CPU
		{19653E41-B876-4A2D-BE56-78FE3CAD57EA}.Release|Any CPU.ActiveCfg = Release|Any CPU
		{19653E41-B876-4A2D-BE56-78FE3CAD57EA}.Release|Any CPU.Build.0 = Release|Any CPU
	EndGlobalSection
	GlobalSection(SolutionProperties) = preSolution
		HideSolutionNode = FALSE
	EndGlobalSection
	GlobalSection(ExtensibilityGlobals) = postSolution
		SolutionGuid = {4A971CF0-158A-4DCC-B69C-95D8F54DEFA4}
	EndGlobalSection
EndGlobal
