
Microsoft Visual Studio Solution File, Format Version 12.00
# Visual Studio Version 16
VisualStudioVersion = 16.0.31205.134
MinimumVisualStudioVersion = 10.0.40219.1
Project("{FAE04EC0-301F-11D3-BF4B-00C04F79EFBC}") = "ConversaoImplicitaCasting", "ConversaoImplicitaCasting\ConversaoImplicitaCasting.csproj", "{77464852-8470-4754-B428-B6A0501A451D}"
EndProject
Global
	GlobalSection(SolutionConfigurationPlatforms) = preSolution
		Debug|Any CPU = Debug|Any CPU
		Release|Any CPU = Release|Any CPU
	EndGlobalSection
	GlobalSection(ProjectConfigurationPlatforms) = postSolution
		{77464852-8470-4754-B428-B6A0501A451D}.Debug|Any CPU.ActiveCfg = Debug|Any CPU
		{77464852-8470-4754-B428-B6A0501A451D}.Debug|Any CPU.Build.0 = Debug|Any CPU
		{77464852-8470-4754-B428-B6A0501A451D}.Release|Any CPU.ActiveCfg = Release|Any CPU
		{77464852-8470-4754-B428-B6A0501A451D}.Release|Any CPU.Build.0 = Release|Any CPU
	EndGlobalSection
	GlobalSection(SolutionProperties) = preSolution
		HideSolutionNode = FALSE
	EndGlobalSection
	GlobalSection(ExtensibilityGlobals) = postSolution
		SolutionGuid = {3862901C-0C22-42EC-9DA7-632DCDE1F4C4}
	EndGlobalSection
EndGlobal
