
Microsoft Visual Studio Solution File, Format Version 12.00
# Visual Studio Version 16
VisualStudioVersion = 16.0.31205.134
MinimumVisualStudioVersion = 10.0.40219.1
Project("{FAE04EC0-301F-11D3-BF4B-00C04F79EFBC}") = "ex001_Struct", "ex001_Struct\ex001_Struct.csproj", "{BD2203F5-B5FF-4F6C-BAB1-501A85B8FE25}"
EndProject
Global
	GlobalSection(SolutionConfigurationPlatforms) = preSolution
		Debug|Any CPU = Debug|Any CPU
		Release|Any CPU = Release|Any CPU
	EndGlobalSection
	GlobalSection(ProjectConfigurationPlatforms) = postSolution
		{BD2203F5-B5FF-4F6C-BAB1-501A85B8FE25}.Debug|Any CPU.ActiveCfg = Debug|Any CPU
		{BD2203F5-B5FF-4F6C-BAB1-501A85B8FE25}.Debug|Any CPU.Build.0 = Debug|Any CPU
		{BD2203F5-B5FF-4F6C-BAB1-501A85B8FE25}.Release|Any CPU.ActiveCfg = Release|Any CPU
		{BD2203F5-B5FF-4F6C-BAB1-501A85B8FE25}.Release|Any CPU.Build.0 = Release|Any CPU
	EndGlobalSection
	GlobalSection(SolutionProperties) = preSolution
		HideSolutionNode = FALSE
	EndGlobalSection
	GlobalSection(ExtensibilityGlobals) = postSolution
		SolutionGuid = {3EF22BE6-E1B1-4674-ACDE-8920E849946F}
	EndGlobalSection
EndGlobal
