
Microsoft Visual Studio Solution File, Format Version 12.00
# Visual Studio Version 16
VisualStudioVersion = 16.0.31205.134
MinimumVisualStudioVersion = 10.0.40219.1
Project("{FAE04EC0-301F-11D3-BF4B-00C04F79EFBC}") = "Exemplo001_Heranca", "Exemplo001_Heranca\Exemplo001_Heranca.csproj", "{40E7FAB5-21C5-4A49-AA7D-E0EC5A660333}"
EndProject
Global
	GlobalSection(SolutionConfigurationPlatforms) = preSolution
		Debug|Any CPU = Debug|Any CPU
		Release|Any CPU = Release|Any CPU
	EndGlobalSection
	GlobalSection(ProjectConfigurationPlatforms) = postSolution
		{40E7FAB5-21C5-4A49-AA7D-E0EC5A660333}.Debug|Any CPU.ActiveCfg = Debug|Any CPU
		{40E7FAB5-21C5-4A49-AA7D-E0EC5A660333}.Debug|Any CPU.Build.0 = Debug|Any CPU
		{40E7FAB5-21C5-4A49-AA7D-E0EC5A660333}.Release|Any CPU.ActiveCfg = Release|Any CPU
		{40E7FAB5-21C5-4A49-AA7D-E0EC5A660333}.Release|Any CPU.Build.0 = Release|Any CPU
	EndGlobalSection
	GlobalSection(SolutionProperties) = preSolution
		HideSolutionNode = FALSE
	EndGlobalSection
	GlobalSection(ExtensibilityGlobals) = postSolution
		SolutionGuid = {D811E872-75BE-40D2-8239-EFC103BCF355}
	EndGlobalSection
EndGlobal
